
Microsoft Visual Studio Solution File, Format Version 12.00
# Visual Studio Version 16
VisualStudioVersion = 16.0.30204.135
MinimumVisualStudioVersion = 10.0.40219.1
Project("{9A19103F-16F7-4668-BE54-9A1E7A4F7556}") = "RollerCoaster.Administration.Proxy", "RollerCoaster.Administration.Proxy\RollerCoaster.Administration.Proxy.csproj", "{AD307D57-DEEE-4352-934B-23AA3A73CEFD}"
EndProject
Project("{2150E333-8FDC-42A3-9474-1A3956D46DE8}") = "1 Library", "1 Library", "{B5F5DFDF-AF19-4D79-99A1-1DC567F77205}"
EndProject
Project("{2150E333-8FDC-42A3-9474-1A3956D46DE8}") = "2 Runner", "2 Runner", "{B3375F26-B3F6-4073-8ACE-CB71F6EA1F4A}"
EndProject
Project("{2150E333-8FDC-42A3-9474-1A3956D46DE8}") = "9 Misc", "9 Misc", "{F935C3BD-61F6-4FFB-A8CC-7C2974404A6F}"
	ProjectSection(SolutionItems) = preProject
		Scripts\CreateNugetPackageCI.ps1 = Scripts\CreateNugetPackageCI.ps1
		Scripts\Publish.yml = Scripts\Publish.yml
		RollerCoaster.Administration.Proxy.runsettings = RollerCoaster.Administration.Proxy.runsettings
		Scripts\Test.yml = Scripts\Test.yml
	EndProjectSection
EndProject
Project("{9A19103F-16F7-4668-BE54-9A1E7A4F7556}") = "RollerCoaster.Administration.Proxy.Tests", "RollerCoaster.Administration.Proxy.Tests\RollerCoaster.Administration.Proxy.Tests.csproj", "{62CBA8B9-AE25-438F-AB61-DCA046B5570A}"
EndProject
Project("{9A19103F-16F7-4668-BE54-9A1E7A4F7556}") = "RollerCoaster.Administration.Proxy.Runner", "RollerCoaster.Administration.Proxy.Runner\RollerCoaster.Administration.Proxy.Runner.csproj", "{62C333D3-C8E9-4270-ABCD-73FFB32746B6}"
EndProject
Global
	GlobalSection(SolutionConfigurationPlatforms) = preSolution
		Debug|Any CPU = Debug|Any CPU
		Release|Any CPU = Release|Any CPU
	EndGlobalSection
	GlobalSection(ProjectConfigurationPlatforms) = postSolution
		{AD307D57-DEEE-4352-934B-23AA3A73CEFD}.Debug|Any CPU.ActiveCfg = Debug|Any CPU
		{AD307D57-DEEE-4352-934B-23AA3A73CEFD}.Debug|Any CPU.Build.0 = Debug|Any CPU
		{AD307D57-DEEE-4352-934B-23AA3A73CEFD}.Release|Any CPU.ActiveCfg = Release|Any CPU
		{AD307D57-DEEE-4352-934B-23AA3A73CEFD}.Release|Any CPU.Build.0 = Release|Any CPU
		{62CBA8B9-AE25-438F-AB61-DCA046B5570A}.Debug|Any CPU.ActiveCfg = Debug|Any CPU
		{62CBA8B9-AE25-438F-AB61-DCA046B5570A}.Debug|Any CPU.Build.0 = Debug|Any CPU
		{62CBA8B9-AE25-438F-AB61-DCA046B5570A}.Release|Any CPU.ActiveCfg = Release|Any CPU
		{62CBA8B9-AE25-438F-AB61-DCA046B5570A}.Release|Any CPU.Build.0 = Release|Any CPU
		{62C333D3-C8E9-4270-ABCD-73FFB32746B6}.Debug|Any CPU.ActiveCfg = Debug|Any CPU
		{62C333D3-C8E9-4270-ABCD-73FFB32746B6}.Debug|Any CPU.Build.0 = Debug|Any CPU
		{62C333D3-C8E9-4270-ABCD-73FFB32746B6}.Release|Any CPU.ActiveCfg = Release|Any CPU
		{62C333D3-C8E9-4270-ABCD-73FFB32746B6}.Release|Any CPU.Build.0 = Release|Any CPU
	EndGlobalSection
	GlobalSection(SolutionProperties) = preSolution
		HideSolutionNode = FALSE
	EndGlobalSection
	GlobalSection(NestedProjects) = preSolution
		{AD307D57-DEEE-4352-934B-23AA3A73CEFD} = {B5F5DFDF-AF19-4D79-99A1-1DC567F77205}
		{62CBA8B9-AE25-438F-AB61-DCA046B5570A} = {B5F5DFDF-AF19-4D79-99A1-1DC567F77205}
		{62C333D3-C8E9-4270-ABCD-73FFB32746B6} = {B3375F26-B3F6-4073-8ACE-CB71F6EA1F4A}
	EndGlobalSection
	GlobalSection(ExtensibilityGlobals) = postSolution
		SolutionGuid = {D16DF9D4-3E24-413B-B084-DAD7C8361155}
	EndGlobalSection
EndGlobal
